github.com/aymerick/douceur v0.2.0 h1:Mv+mAeH1Q+n9Fr+oyamOlAkUNPWPlA8PPGR0QAaYuPk=
github.com/aymerick/douceur v0.2.0/go.mod h1:wlT5vV2O3h55X9m7iVYN0TBM0NH/MmbLnd30/FjWUq4=
github.com/go-pkgz/email v0.8.0 h1:6+Tgjfj7zFccFCPmURV2spKDXDb7aX/iWXBY2hBa9ww=
github.com/go-pkgz/email v0.8.0/go.mod h1:+wgi4x7S33IuCzfcCM5euN0GwQG6XvO/PBLxrNffYLI=
github.com/go-pkgz/lgr v0.12.4 h1:lDeQ4BR28ldXrKau6BOjq7A8nHzcXz+MF4xUfV4l1Ok=
github.com/go-pkgz/lgr v0.12.4/go.mod h1:Lw6DkNRnCPyX07mqkiUK/p+eA1opq4GKkWfWia64RA8=
github.com/go-pkgz/repeater/v2 v2.2.0 h1:8nZR/NaknmLfx2YMHbr78u9OL4Xj+8+romm9dz4FpMg=
github.com/go-pkgz/repeater/v2 v2.2.0/go.mod h1:RgX5vUbLKq7PV82QUDP5pFbQS1os4Z+U9XzKymK23A8=
github.com/go-test/deep v1.1.1 h1:0r/53hagsehfO4bzD2Pgr/+RgHqhmf+k1Bpse2cTu1U=
github.com/go-test/deep v1.1.1/go.mod h1:5C2ZWiW0ErCdrYzpqxLbTX7MG14M9iiw8DgHncVwcsE=
github.com/gorilla/css v1.0.1 h1:ntNaBIghp6JmvWnxbZKANoLyuXTPZ4cAMlo6RyhlbO8=
github.com/gorilla/css v1.0.1/go.mod h1:BvnYkspnSzMmwRK+b8/xgNPLiIuNZr6vbZBTPQ2A3b0=
github.com/gorilla/websocket v1.5.3 h1:saDtZ6Pbx/0u+bgYQ3q96pZgCzfhKXGPqt7kZ72aNNg=
github.com/gorilla/websocket v1.5.3/go.mod h1:YR8l580nyteQvAITg2hZ9XVh4b55+EU/adAjf1fMHhE=
github.com/microcosm-cc/bluemonday v1.0.27 h1:MpEUotklkwCSLeH+Qdx1VJgNqLlpY2KXwXFM08ygZfk=
github.com/microcosm-cc/bluemonday v1.0.27/go.mod h1:jFi9vgW+H7c3V0lb6nR74Ib/DIB5OBs92Dimizgw2cA=
github.com/slack-go/slack v0.29.0 h1:ohhMNgp9DmPKiLhH/pNZV4NxhOXKgNy0SH8FzVHNerI=
github.com/slack-go/slack v0.29.0/go.mod h1:UEe+jmo9WLlwHB04qsOrTDvqM7Aa4rQL3O5wF3n0hx4=
github.com/stretchr/testify v1.12.0 h1:K6Mr6jO9JICuend/5xzTM03ydSV3vdNRYAdPSukj8uI=
github.com/stretchr/testify v1.12.0/go.mod h1:bOYBZb5qJ00vPzWfIqBUZPaxK8jWiXc6d3ErP4Ca9Gw=
golang.org/x/net v0.58.0 h1:ynWG7rqYi4ccpTEuPZ2QGWHktVEM9DMCj9yzDE0Q7To=
golang.org/x/net v0.58.0/go.mod h1:YwCddHnFlT7eLQqVprV19OnhLGtc5xOKgE0RyqgfWAU=
gopkg.in/check.v1 v0.0.0-20161208181325-20d25e280405 h1:yhCVgyC4o1eVCa2tZl7eS0r+SDo693bJlVdllGtEeKM=
gopkg.in/check.v1 v0.0.0-20161208181325-20d25e280405/go.mod h1:Co6ibVJAznAaIkqp8huTwlJQCZ016jof/cbN4VW5Yz0=
gopkg.in/yaml.v3 v3.0.1 h1:fxVm/GzAzEWqLHuvctI91KS9hhNmmWOoWu0XTYJS7CA=
gopkg.in/yaml.v3 v3.0.1/go.mod h1:K4uyk7z7BCEPqu6E+C64Yfv1cQ7kz7rIZviUmN+EgEM=
